
Microsoft Visual Studio Solution File, Format Version 12.00
# Visual Studio Version 16
VisualStudioVersion = 16.0.31129.286
MinimumVisualStudioVersion = 10.0.40219.1
Project("{9A19103F-16F7-4668-BE54-9A1E7A4F7556}") = "eShop", "eShop\eShop.csproj", "{E8DB3155-295D-45AE-859E-36B3AF81BBA8}"
EndProject
Project("{2150E333-8FDC-42A3-9474-1A3956D46DE8}") = "Solution Items", "Solution Items", "{E93019BF-7D23-4E56-96A9-FBA28F83D0FE}"
	ProjectSection(SolutionItems) = preProject
		README.md = README.md
	EndProjectSection
EndProject
Project("{FAE04EC0-301F-11D3-BF4B-00C04F79EFBC}") = "Data", "Data\Data.csproj", "{80702DCA-0D3D-429A-83B6-81D940EE5DDD}"
EndProject
Project("{FAE04EC0-301F-11D3-BF4B-00C04F79EFBC}") = "Application", "Application\Application.csproj", "{995D216B-0744-4416-9379-06EC61A8B428}"
EndProject
Global
	GlobalSection(SolutionConfigurationPlatforms) = preSolution
		Debug|Any CPU = Debug|Any CPU
		Release|Any CPU = Release|Any CPU
	EndGlobalSection
	GlobalSection(ProjectConfigurationPlatforms) = postSolution
		{E8DB3155-295D-45AE-859E-36B3AF81BBA8}.Debug|Any CPU.ActiveCfg = Debug|Any CPU
		{E8DB3155-295D-45AE-859E-36B3AF81BBA8}.Debug|Any CPU.Build.0 = Debug|Any CPU
		{E8DB3155-295D-45AE-859E-36B3AF81BBA8}.Release|Any CPU.ActiveCfg = Release|Any CPU
		{E8DB3155-295D-45AE-859E-36B3AF81BBA8}.Release|Any CPU.Build.0 = Release|Any CPU
		{80702DCA-0D3D-429A-83B6-81D940EE5DDD}.Debug|Any CPU.ActiveCfg = Debug|Any CPU
		{80702DCA-0D3D-429A-83B6-81D940EE5DDD}.Debug|Any CPU.Build.0 = Debug|Any CPU
		{80702DCA-0D3D-429A-83B6-81D940EE5DDD}.Release|Any CPU.ActiveCfg = Release|Any CPU
		{80702DCA-0D3D-429A-83B6-81D940EE5DDD}.Release|Any CPU.Build.0 = Release|Any CPU
		{995D216B-0744-4416-9379-06EC61A8B428}.Debug|Any CPU.ActiveCfg = Debug|Any CPU
		{995D216B-0744-4416-9379-06EC61A8B428}.Debug|Any CPU.Build.0 = Debug|Any CPU
		{995D216B-0744-4416-9379-06EC61A8B428}.Release|Any CPU.ActiveCfg = Release|Any CPU
		{995D216B-0744-4416-9379-06EC61A8B428}.Release|Any CPU.Build.0 = Release|Any CPU
	EndGlobalSection
	GlobalSection(SolutionProperties) = preSolution
		HideSolutionNode = FALSE
	EndGlobalSection
	GlobalSection(ExtensibilityGlobals) = postSolution
		SolutionGuid = {3164C223-E350-442D-BD4F-DBAEA9ADB9DD}
	EndGlobalSection
EndGlobal
